schema: '2.0'
stages:
  load_data:
    cmd: python src/stage_01_load_save.py --config=config/config.yaml
    deps:
    - path: config/config.yaml
      md5: e590ccfb3f6df1841dc1aca93eca60bd
      size: 474
    - path: src/stage_01_load_save.py
      md5: 556ebaf13cd2872d19f1e8f6a770f092
      size: 1681
    - path: src/utils/all_utils.py
      md5: 5164ce5cf4c5bd3d07342bbd7791d89b
      size: 1000
    outs:
    - path: data
      md5: a52ad4b30715598bfd754e3e9c51ef2c.dir
      size: 37934943
      nfiles: 277
